// !$*UTF8*$!
{
	archiveVersion = 1;
	classes = {
	};
	objectVersion = 48;
	objects = {

/* Begin PBXBuildFile section */
		98182A9C1F87E25100C4B573 /* ConversationsListViewController.swift in Sources */ = {isa = PBXBuildFile; fileRef = 98182A9B1F87E25100C4B573 /* ConversationsListViewController.swift */; };
		982FD4981F8A830B00691C5B /* IncomingMessageCustomCell.swift in Sources */ = {isa = PBXBuildFile; fileRef = 982FD4971F8A830B00691C5B /* IncomingMessageCustomCell.swift */; };
		982FD49A1F8A832100691C5B /* OutgoingMessageCustomCell.swift in Sources */ = {isa = PBXBuildFile; fileRef = 982FD4991F8A832100691C5B /* OutgoingMessageCustomCell.swift */; };
		98BBA3F21F896A370025AC8E /* ConversationViewController.swift in Sources */ = {isa = PBXBuildFile; fileRef = 98BBA3F11F896A370025AC8E /* ConversationViewController.swift */; };
		98CA67FB1F880FA2001478A2 /* DialogCustomCell.swift in Sources */ = {isa = PBXBuildFile; fileRef = 98CA67FA1F880FA2001478A2 /* DialogCustomCell.swift */; };
		98E0F8011F72C9C7002E1496 /* AppDelegate.swift in Sources */ = {isa = PBXBuildFile; fileRef = 98E0F8001F72C9C7002E1496 /* AppDelegate.swift */; };
		98E0F8031F72C9C7002E1496 /* ProfileViewController.swift in Sources */ = {isa = PBXBuildFile; fileRef = 98E0F8021F72C9C7002E1496 /* ProfileViewController.swift */; };
		98E0F8061F72C9C7002E1496 /* Profile.storyboard in Resources */ = {isa = PBXBuildFile; fileRef = 98E0F8041F72C9C7002E1496 /* Profile.storyboard */; };
		98E0F8081F72C9C7002E1496 /* Assets.xcassets in Resources */ = {isa = PBXBuildFile; fileRef = 98E0F8071F72C9C7002E1496 /* Assets.xcassets */; };
		98E0F80B1F72C9C7002E1496 /* LaunchScreen.storyboard in Resources */ = {isa = PBXBuildFile; fileRef = 98E0F8091F72C9C7002E1496 /* LaunchScreen.storyboard */; };
		98E0F8131F72D1A8002E1496 /* Media.xcassets in Resources */ = {isa = PBXBuildFile; fileRef = 98E0F8121F72D1A8002E1496 /* Media.xcassets */; };
		98F1A4541F7C3E9B0063980B /* Radomir Tinkov - Gilroy-ExtraBold.otf in Resources */ = {isa = PBXBuildFile; fileRef = 9832BAF51F764AA100838DB2 /* Radomir Tinkov - Gilroy-ExtraBold.otf */; };
		98F1A4551F7C3E9B0063980B /* Radomir Tinkov - Gilroy-Light.otf in Resources */ = {isa = PBXBuildFile; fileRef = 9832BAF61F764AA100838DB2 /* Radomir Tinkov - Gilroy-Light.otf */; };
/* End PBXBuildFile section */

/* Begin PBXFileReference section */
		98182A9B1F87E25100C4B573 /* ConversationsListViewController.swift */ = {isa = PBXFileReference; lastKnownFileType = sourcecode.swift; path = ConversationsListViewController.swift; sourceTree = "<group>"; };
		982FD4971F8A830B00691C5B /* IncomingMessageCustomCell.swift */ = {isa = PBXFileReference; lastKnownFileType = sourcecode.swift; path = IncomingMessageCustomCell.swift; sourceTree = "<group>"; };
		982FD4991F8A832100691C5B /* OutgoingMessageCustomCell.swift */ = {isa = PBXFileReference; lastKnownFileType = sourcecode.swift; path = OutgoingMessageCustomCell.swift; sourceTree = "<group>"; };
		9832BAF51F764AA100838DB2 /* Radomir Tinkov - Gilroy-ExtraBold.otf */ = {isa = PBXFileReference; lastKnownFileType = file; path = "Radomir Tinkov - Gilroy-ExtraBold.otf"; sourceTree = "<group>"; };
		9832BAF61F764AA100838DB2 /* Radomir Tinkov - Gilroy-Light.otf */ = {isa = PBXFileReference; lastKnownFileType = file; path = "Radomir Tinkov - Gilroy-Light.otf"; sourceTree = "<group>"; };
		98BBA3F11F896A370025AC8E /* ConversationViewController.swift */ = {isa = PBXFileReference; lastKnownFileType = sourcecode.swift; path = ConversationViewController.swift; sourceTree = "<group>"; };
		98CA67FA1F880FA2001478A2 /* DialogCustomCell.swift */ = {isa = PBXFileReference; lastKnownFileType = sourcecode.swift; path = DialogCustomCell.swift; sourceTree = "<group>"; };
		98E0F7FD1F72C9C7002E1496 /* TinkoffChat.app */ = {isa = PBXFileReference; explicitFileType = wrapper.application; includeInIndex = 0; path = TinkoffChat.app; sourceTree = BUILT_PRODUCTS_DIR; };
		98E0F8001F72C9C7002E1496 /* AppDelegate.swift */ = {isa = PBXFileReference; lastKnownFileType = sourcecode.swift; path = AppDelegate.swift; sourceTree = "<group>"; };
		98E0F8021F72C9C7002E1496 /* ProfileViewController.swift */ = {isa = PBXFileReference; lastKnownFileType = sourcecode.swift; path = ProfileViewController.swift; sourceTree = "<group>"; };
		98E0F8051F72C9C7002E1496 /* Base */ = {isa = PBXFileReference; lastKnownFileType = file.storyboard; name = Base; path = Base.lproj/Profile.storyboard; sourceTree = "<group>"; };
		98E0F8071F72C9C7002E1496 /* Assets.xcassets */ = {isa = PBXFileReference; lastKnownFileType = folder.assetcatalog; path = Assets.xcassets; sourceTree = "<group>"; };
		98E0F80A1F72C9C7002E1496 /* Base */ = {isa = PBXFileReference; lastKnownFileType = file.storyboard; name = Base; path = Base.lproj/LaunchScreen.storyboard; sourceTree = "<group>"; };
		98E0F80C1F72C9C7002E1496 /* Info.plist */ = {isa = PBXFileReference; lastKnownFileType = text.plist.xml; path = Info.plist; sourceTree = "<group>"; };
		98E0F8121F72D1A8002E1496 /* Media.xcassets */ = {isa = PBXFileReference; lastKnownFileType = folder.assetcatalog; path = Media.xcassets; sourceTree = "<group>"; };
/* End PBXFileReference section */

/* Begin PBXFrameworksBuildPhase section */
		98E0F7FA1F72C9C7002E1496 /* Frameworks */ = {
			isa = PBXFrameworksBuildPhase;
			buildActionMask = 2147483647;
			files = (
			);
			runOnlyForDeploymentPostprocessing = 0;
		};
/* End PBXFrameworksBuildPhase section */

/* Begin PBXGroup section */
		9832BAF41F764A8000838DB2 /* Resourses */ = {
			isa = PBXGroup;
			children = (
				9832BAF51F764AA100838DB2 /* Radomir Tinkov - Gilroy-ExtraBold.otf */,
				9832BAF61F764AA100838DB2 /* Radomir Tinkov - Gilroy-Light.otf */,
			);
			path = Resourses;
			sourceTree = "<group>";
		};
		98D6CAC61F8A4FDC00FC35BB /* Cells */ = {
			isa = PBXGroup;
			children = (
				98CA67FA1F880FA2001478A2 /* DialogCustomCell.swift */,
				982FD4971F8A830B00691C5B /* IncomingMessageCustomCell.swift */,
				982FD4991F8A832100691C5B /* OutgoingMessageCustomCell.swift */,
			);
			path = Cells;
			sourceTree = "<group>";
		};
		98E0F7F41F72C9C7002E1496 = {
			isa = PBXGroup;
			children = (
				98E0F7FF1F72C9C7002E1496 /* TinkoffChat */,
				98E0F7FE1F72C9C7002E1496 /* Products */,
			);
			sourceTree = "<group>";
		};
		98E0F7FE1F72C9C7002E1496 /* Products */ = {
			isa = PBXGroup;
			children = (
				98E0F7FD1F72C9C7002E1496 /* TinkoffChat.app */,
			);
			name = Products;
			sourceTree = "<group>";
		};
		98E0F7FF1F72C9C7002E1496 /* TinkoffChat */ = {
			isa = PBXGroup;
			children = (
				98D6CAC61F8A4FDC00FC35BB /* Cells */,
				9832BAF41F764A8000838DB2 /* Resourses */,
				98E0F8001F72C9C7002E1496 /* AppDelegate.swift */,
				98BBA3F11F896A370025AC8E /* ConversationViewController.swift */,
				98E0F8021F72C9C7002E1496 /* ProfileViewController.swift */,
				98E0F8041F72C9C7002E1496 /* Profile.storyboard */,
				98182A9B1F87E25100C4B573 /* ConversationsListViewController.swift */,
				98E0F8121F72D1A8002E1496 /* Media.xcassets */,
				98E0F8071F72C9C7002E1496 /* Assets.xcassets */,
				98E0F8091F72C9C7002E1496 /* LaunchScreen.storyboard */,
				98E0F80C1F72C9C7002E1496 /* Info.plist */,
			);
			path = TinkoffChat;
			sourceTree = "<group>";
		};
/* End PBXGroup section */

/* Begin PBXNativeTarget section */
		98E0F7FC1F72C9C7002E1496 /* TinkoffChat */ = {
			isa = PBXNativeTarget;
			buildConfigurationList = 98E0F80F1F72C9C7002E1496 /* Build configuration list for PBXNativeTarget "TinkoffChat" */;
			buildPhases = (
				98E0F7F91F72C9C7002E1496 /* Sources */,
				98E0F7FA1F72C9C7002E1496 /* Frameworks */,
				98E0F7FB1F72C9C7002E1496 /* Resources */,
			);
			buildRules = (
			);
			dependencies = (
			);
			name = TinkoffChat;
			productName = TinkoffChat;
			productReference = 98E0F7FD1F72C9C7002E1496 /* TinkoffChat.app */;
			productType = "com.apple.product-type.application";
		};
/* End PBXNativeTarget section */

/* Begin PBXProject section */
		98E0F7F51F72C9C7002E1496 /* Project object */ = {
			isa = PBXProject;
			attributes = {
				LastSwiftUpdateCheck = 0900;
				LastUpgradeCheck = 0900;
				ORGANIZATIONNAME = Sergey;
				TargetAttributes = {
					98E0F7FC1F72C9C7002E1496 = {
						CreatedOnToolsVersion = 9.0;
						ProvisioningStyle = Automatic;
						SystemCapabilities = {
							com.apple.BackgroundModes = {
								enabled = 1;
							};
						};
					};
				};
			};
			buildConfigurationList = 98E0F7F81F72C9C7002E1496 /* Build configuration list for PBXProject "TinkoffChat" */;
			compatibilityVersion = "Xcode 8.0";
			developmentRegion = en;
			hasScannedForEncodings = 0;
			knownRegions = (
				en,
				Base,
			);
			mainGroup = 98E0F7F41F72C9C7002E1496;
			productRefGroup = 98E0F7FE1F72C9C7002E1496 /* Products */;
			projectDirPath = "";
			projectRoot = "";
			targets = (
				98E0F7FC1F72C9C7002E1496 /* TinkoffChat */,
			);
		};
/* End PBXProject section */

/* Begin PBXResourcesBuildPhase section */
		98E0F7FB1F72C9C7002E1496 /* Resources */ = {
			isa = PBXResourcesBuildPhase;
			buildActionMask = 2147483647;
			files = (
				98F1A4541F7C3E9B0063980B /* Radomir Tinkov - Gilroy-ExtraBold.otf in Resources */,
				98F1A4551F7C3E9B0063980B /* Radomir Tinkov - Gilroy-Light.otf in Resources */,
				98E0F80B1F72C9C7002E1496 /* LaunchScreen.storyboard in Resources */,
				98E0F8081F72C9C7002E1496 /* Assets.xcassets in Resources */,
				98E0F8131F72D1A8002E1496 /* Media.xcassets in Resources */,
				98E0F8061F72C9C7002E1496 /* Profile.storyboard in Resources */,
			);
			runOnlyForDeploymentPostprocessing = 0;
		};
/* End PBXResourcesBuildPhase section */

/* Begin PBXSourcesBuildPhase section */
		98E0F7F91F72C9C7002E1496 /* Sources */ = {
			isa = PBXSourcesBuildPhase;
			buildActionMask = 2147483647;
			files = (
				98CA67FB1F880FA2001478A2 /* DialogCustomCell.swift in Sources */,
				98E0F8031F72C9C7002E1496 /* ProfileViewController.swift in Sources */,
				982FD4981F8A830B00691C5B /* IncomingMessageCustomCell.swift in Sources */,
				98BBA3F21F896A370025AC8E /* ConversationViewController.swift in Sources */,
				982FD49A1F8A832100691C5B /* OutgoingMessageCustomCell.swift in Sources */,
				98E0F8011F72C9C7002E1496 /* AppDelegate.swift in Sources */,
				98182A9C1F87E25100C4B573 /* ConversationsListViewController.swift in Sources */,
			);
			runOnlyForDeploymentPostprocessing = 0;
		};
/* End PBXSourcesBuildPhase section */

/* Begin PBXVariantGroup section */
		98E0F8041F72C9C7002E1496 /* Profile.storyboard */ = {
			isa = PBXVariantGroup;
			children = (
				98E0F8051F72C9C7002E1496 /* Base */,
			);
			name = Profile.storyboard;
			sourceTree = "<group>";
		};
		98E0F8091F72C9C7002E1496 /* LaunchScreen.storyboard */ = {
			isa = PBXVariantGroup;
			children = (
				98E0F80A1F72C9C7002E1496 /* Base */,
			);
			name = LaunchScreen.storyboard;
			sourceTree = "<group>";
		};
/* End PBXVariantGroup section */

/* Begin XCBuildConfiguration section */
		98E0F80D1F72C9C7002E1496 /* Debug */ = {
			isa = XCBuildConfiguration;
			buildSettings = {
				ALWAYS_SEARCH_USER_PATHS = NO;
				CLANG_ANALYZER_NONNULL = YES;
				CLANG_ANALYZER_NUMBER_OBJECT_CONVERSION = YES_AGGRESSIVE;
				CLANG_CXX_LANGUAGE_STANDARD = "gnu++14";
				CLANG_CXX_LIBRARY = "libc++";
				CLANG_ENABLE_MODULES = YES;
				CLANG_ENABLE_OBJC_ARC = YES;
				CLANG_WARN_BLOCK_CAPTURE_AUTORELEASING = YES;
				CLANG_WARN_BOOL_CONVERSION = YES;
				CLANG_WARN_COMMA = YES;
				CLANG_WARN_CONSTANT_CONVERSION = YES;
				CLANG_WARN_DIRECT_OBJC_ISA_USAGE = YES_ERROR;
				CLANG_WARN_DOCUMENTATION_COMMENTS = YES;
				CLANG_WARN_EMPTY_BODY = YES;
				CLANG_WARN_ENUM_CONVERSION = YES;
				CLANG_WARN_INFINITE_RECURSION = YES;
				CLANG_WARN_INT_CONVERSION = YES;
				CLANG_WARN_NON_LITERAL_NULL_CONVERSION = YES;
				CLANG_WARN_OBJC_LITERAL_CONVERSION = YES;
				CLANG_WARN_OBJC_ROOT_CLASS = YES_ERROR;
				CLANG_WARN_RANGE_LOOP_ANALYSIS = YES;
				CLANG_WARN_STRICT_PROTOTYPES = YES;
				CLANG_WARN_SUSPICIOUS_MOVE = YES;
				CLANG_WARN_UNGUARDED_AVAILABILITY = YES_AGGRESSIVE;
				CLANG_WARN_UNREACHABLE_CODE = YES;
				CLANG_WARN__DUPLICATE_METHOD_MATCH = YES;
				CODE_SIGN_IDENTITY = "iPhone Developer";
				COPY_PHASE_STRIP = NO;
				DEBUG_INFORMATION_FORMAT = dwarf;
				ENABLE_STRICT_OBJC_MSGSEND = YES;
				ENABLE_TESTABILITY = YES;
				GCC_C_LANGUAGE_STANDARD = gnu11;
				GCC_DYNAMIC_NO_PIC = NO;
				GCC_NO_COMMON_BLOCKS = YES;
				GCC_OPTIMIZATION_LEVEL = 0;
				GCC_PREPROCESSOR_DEFINITIONS = (
					"DEBUG=1",
					"$(inherited)",
				);
				GCC_WARN_64_TO_32_BIT_CONVERSION = YES;
				GCC_WARN_ABOUT_RETURN_TYPE = YES_ERROR;
				GCC_WARN_UNDECLARED_SELECTOR = YES;
				GCC_WARN_UNINITIALIZED_AUTOS = YES_AGGRESSIVE;
				GCC_WARN_UNUSED_FUNCTION = YES;
				GCC_WARN_UNUSED_VARIABLE = YES;
				IPHONEOS_DEPLOYMENT_TARGET = 11.0;
				MTL_ENABLE_DEBUG_INFO = YES;
				ONLY_ACTIVE_ARCH = YES;
				SDKROOT = iphoneos;
				SWIFT_ACTIVE_COMPILATION_CONDITIONS = DEBUG;
				SWIFT_OPTIMIZATION_LEVEL = "-Onone";
			};
			name = Debug;
		};
		98E0F80E1F72C9C7002E1496 /* Release */ = {
			isa = XCBuildConfiguration;
			buildSettings = {
				ALWAYS_SEARCH_USER_PATHS = NO;
				CLANG_ANALYZER_NONNULL = YES;
				CLANG_ANALYZER_NUMBER_OBJECT_CONVERSION = YES_AGGRESSIVE;
				CLANG_CXX_LANGUAGE_STANDARD = "gnu++14";
				CLANG_CXX_LIBRARY = "libc++";
				CLANG_ENABLE_MODULES = YES;
				CLANG_ENABLE_OBJC_ARC = YES;
				CLANG_WARN_BLOCK_CAPTURE_AUTORELEASING = YES;
				CLANG_WARN_BOOL_CONVERSION = YES;
				CLANG_WARN_COMMA = YES;
				CLANG_WARN_CONSTANT_CONVERSION = YES;
				CLANG_WARN_DIRECT_OBJC_ISA_USAGE = YES_ERROR;
				CLANG_WARN_DOCUMENTATION_COMMENTS = YES;
				CLANG_WARN_EMPTY_BODY = YES;
				CLANG_WARN_ENUM_CONVERSION = YES;
				CLANG_WARN_INFINITE_RECURSION = YES;
				CLANG_WARN_INT_CONVERSION = YES;
				CLANG_WARN_NON_LITERAL_NULL_CONVERSION = YES;
				CLANG_WARN_OBJC_LITERAL_CONVERSION = YES;
				CLANG_WARN_OBJC_ROOT_CLASS = YES_ERROR;
				CLANG_WARN_RANGE_LOOP_ANALYSIS = YES;
				CLANG_WARN_STRICT_PROTOTYPES = YES;
				CLANG_WARN_SUSPICIOUS_MOVE = YES;
				CLANG_WARN_UNGUARDED_AVAILABILITY = YES_AGGRESSIVE;
				CLANG_WARN_UNREACHABLE_CODE = YES;
				CLANG_WARN__DUPLICATE_METHOD_MATCH = YES;
				CODE_SIGN_IDENTITY = "iPhone Developer";
				COPY_PHASE_STRIP = NO;
				DEBUG_INFORMATION_FORMAT = "dwarf-with-dsym";
				ENABLE_NS_ASSERTIONS = NO;
				ENABLE_STRICT_OBJC_MSGSEND = YES;
				GCC_C_LANGUAGE_STANDARD = gnu11;
				GCC_NO_COMMON_BLOCKS = YES;
				GCC_WARN_64_TO_32_BIT_CONVERSION = YES;
				GCC_WARN_ABOUT_RETURN_TYPE = YES_ERROR;
				GCC_WARN_UNDECLARED_SELECTOR = YES;
				GCC_WARN_UNINITIALIZED_AUTOS = YES_AGGRESSIVE;
				GCC_WARN_UNUSED_FUNCTION = YES;
				GCC_WARN_UNUSED_VARIABLE = YES;
				IPHONEOS_DEPLOYMENT_TARGET = 11.0;
				MTL_ENABLE_DEBUG_INFO = NO;
				SDKROOT = iphoneos;
				SWIFT_OPTIMIZATION_LEVEL = "-Owholemodule";
				VALIDATE_PRODUCT = YES;
			};
			name = Release;
		};
		98E0F8101F72C9C7002E1496 /* Debug */ = {
			isa = XCBuildConfiguration;
			buildSettings = {
				ASSETCATALOG_COMPILER_APPICON_NAME = AppIcon_newDesign;
				CODE_SIGN_STYLE = Automatic;
				DEVELOPMENT_TEAM = F8LU4P8SUH;
				INFOPLIST_FILE = TinkoffChat/Info.plist;
				LD_RUNPATH_SEARCH_PATHS = "$(inherited) @executable_path/Frameworks";
				PRODUCT_BUNDLE_IDENTIFIER = OwnDev.TinkoffChat;
				PRODUCT_NAME = "$(TARGET_NAME)";
				SWIFT_VERSION = 4.0;
				TARGETED_DEVICE_FAMILY = "1,2";
			};
			name = Debug;
		};
		98E0F8111F72C9C7002E1496 /* Release */ = {
			isa = XCBuildConfiguration;
			buildSettings = {
				ASSETCATALOG_COMPILER_APPICON_NAME = AppIcon_newDesign;
				CODE_SIGN_STYLE = Automatic;
				DEVELOPMENT_TEAM = F8LU4P8SUH;
				INFOPLIST_FILE = TinkoffChat/Info.plist;
				LD_RUNPATH_SEARCH_PATHS = "$(inherited) @executable_path/Frameworks";
				PRODUCT_BUNDLE_IDENTIFIER = OwnDev.TinkoffChat;
				PRODUCT_NAME = "$(TARGET_NAME)";
				SWIFT_VERSION = 4.0;
				TARGETED_DEVICE_FAMILY = "1,2";
			};
			name = Release;
		};
/* End XCBuildConfiguration section */

/* Begin XCConfigurationList section */
		98E0F7F81F72C9C7002E1496 /* Build configuration list for PBXProject "TinkoffChat" */ = {
			isa = XCConfigurationList;
			buildConfigurations = (
				98E0F80D1F72C9C7002E1496 /* Debug */,
				98E0F80E1F72C9C7002E1496 /* Release */,
			);
			defaultConfigurationIsVisible = 0;
			defaultConfigurationName = Release;
		};
		98E0F80F1F72C9C7002E1496 /* Build configuration list for PBXNativeTarget "TinkoffChat" */ = {
			isa = XCConfigurationList;
			buildConfigurations = (
				98E0F8101F72C9C7002E1496 /* Debug */,
				98E0F8111F72C9C7002E1496 /* Release */,
			);
			defaultConfigurationIsVisible = 0;
			defaultConfigurationName = Release;
		};
/* End XCConfigurationList section */
	};
	rootObject = 98E0F7F51F72C9C7002E1496 /* Project object */;
}
